
Microsoft Visual Studio Solution File, Format Version 12.00
# Visual Studio 15
VisualStudioVersion = 15.0.28010.2046
MinimumVisualStudioVersion = 10.0.40219.1
Project("{8BC9CEB8-8B4A-11D0-8D11-00A0C91BC942}") = "Lists", "Lists\Lists.vcxproj", "{B9AAB0F3-0D69-4C6C-9278-C6C124459C8E}"
EndProject
Global
	GlobalSection(SolutionConfigurationPlatforms) = preSolution
		Debug|x64 = Debug|x64
		Debug|x86 = Debug|x86
		Release|x64 = Release|x64
		Release|x86 = Release|x86
	EndGlobalSection
	GlobalSection(ProjectConfigurationPlatforms) = postSolution
		{B9AAB0F3-0D69-4C6C-9278-C6C124459C8E}.Debug|x64.ActiveCfg = Debug|x64
		{B9AAB0F3-0D69-4C6C-9278-C6C124459C8E}.Debug|x64.Build.0 = Debug|x64
		{B9AAB0F3-0D69-4C6C-9278-C6C124459C8E}.Debug|x86.ActiveCfg = Debug|Win32
		{B9AAB0F3-0D69-4C6C-9278-C6C124459C8E}.Debug|x86.Build.0 = Debug|Win32
		{B9AAB0F3-0D69-4C6C-9278-C6C124459C8E}.Release|x64.ActiveCfg = Release|x64
		{B9AAB0F3-0D69-4C6C-9278-C6C124459C8E}.Release|x64.Build.0 = Release|x64
		{B9AAB0F3-0D69-4C6C-9278-C6C124459C8E}.Release|x86.ActiveCfg = Release|Win32
		{B9AAB0F3-0D69-4C6C-9278-C6C124459C8E}.Release|x86.Build.0 = Release|Win32
	EndGlobalSection
	GlobalSection(SolutionProperties) = preSolution
		HideSolutionNode = FALSE
	EndGlobalSection
	GlobalSection(ExtensibilityGlobals) = postSolution
		SolutionGuid = {FDC5D85B-22C6-43C0-BA1C-D1974A1D3011}
	EndGlobalSection
EndGlobal
