
Microsoft Visual Studio Solution File, Format Version 12.00
# Visual Studio 15
VisualStudioVersion = 15.0.28010.2046
MinimumVisualStudioVersion = 10.0.40219.1
Project("{8BC9CEB8-8B4A-11D0-8D11-00A0C91BC942}") = "Complex Number Class", "Complex Number Class\Complex Number Class.vcxproj", "{86ED1AD2-C2FF-43F5-99E5-0FFB54959617}"
EndProject
Global
	GlobalSection(SolutionConfigurationPlatforms) = preSolution
		Debug|x64 = Debug|x64
		Debug|x86 = Debug|x86
		Release|x64 = Release|x64
		Release|x86 = Release|x86
	EndGlobalSection
	GlobalSection(ProjectConfigurationPlatforms) = postSolution
		{86ED1AD2-C2FF-43F5-99E5-0FFB54959617}.Debug|x64.ActiveCfg = Debug|x64
		{86ED1AD2-C2FF-43F5-99E5-0FFB54959617}.Debug|x64.Build.0 = Debug|x64
		{86ED1AD2-C2FF-43F5-99E5-0FFB54959617}.Debug|x86.ActiveCfg = Debug|Win32
		{86ED1AD2-C2FF-43F5-99E5-0FFB54959617}.Debug|x86.Build.0 = Debug|Win32
		{86ED1AD2-C2FF-43F5-99E5-0FFB54959617}.Release|x64.ActiveCfg = Release|x64
		{86ED1AD2-C2FF-43F5-99E5-0FFB54959617}.Release|x64.Build.0 = Release|x64
		{86ED1AD2-C2FF-43F5-99E5-0FFB54959617}.Release|x86.ActiveCfg = Release|Win32
		{86ED1AD2-C2FF-43F5-99E5-0FFB54959617}.Release|x86.Build.0 = Release|Win32
	EndGlobalSection
	GlobalSection(SolutionProperties) = preSolution
		HideSolutionNode = FALSE
	EndGlobalSection
	GlobalSection(ExtensibilityGlobals) = postSolution
		SolutionGuid = {863AB13D-F3DF-41F8-B44D-9F4FA9F81BAA}
	EndGlobalSection
EndGlobal
