
Microsoft Visual Studio Solution File, Format Version 12.00
# Visual Studio 15
VisualStudioVersion = 15.0.28010.2046
MinimumVisualStudioVersion = 10.0.40219.1
Project("{8BC9CEB8-8B4A-11D0-8D11-00A0C91BC942}") = "Static Cast", "Static Cast\Static Cast.vcxproj", "{EF3D1A3D-79B3-4B80-86F2-05B00332D208}"
EndProject
Global
	GlobalSection(SolutionConfigurationPlatforms) = preSolution
		Debug|x64 = Debug|x64
		Debug|x86 = Debug|x86
		Release|x64 = Release|x64
		Release|x86 = Release|x86
	EndGlobalSection
	GlobalSection(ProjectConfigurationPlatforms) = postSolution
		{EF3D1A3D-79B3-4B80-86F2-05B00332D208}.Debug|x64.ActiveCfg = Debug|x64
		{EF3D1A3D-79B3-4B80-86F2-05B00332D208}.Debug|x64.Build.0 = Debug|x64
		{EF3D1A3D-79B3-4B80-86F2-05B00332D208}.Debug|x86.ActiveCfg = Debug|Win32
		{EF3D1A3D-79B3-4B80-86F2-05B00332D208}.Debug|x86.Build.0 = Debug|Win32
		{EF3D1A3D-79B3-4B80-86F2-05B00332D208}.Release|x64.ActiveCfg = Release|x64
		{EF3D1A3D-79B3-4B80-86F2-05B00332D208}.Release|x64.Build.0 = Release|x64
		{EF3D1A3D-79B3-4B80-86F2-05B00332D208}.Release|x86.ActiveCfg = Release|Win32
		{EF3D1A3D-79B3-4B80-86F2-05B00332D208}.Release|x86.Build.0 = Release|Win32
	EndGlobalSection
	GlobalSection(SolutionProperties) = preSolution
		HideSolutionNode = FALSE
	EndGlobalSection
	GlobalSection(ExtensibilityGlobals) = postSolution
		SolutionGuid = {4B5751E1-BC45-410F-AA42-74282EF15B5B}
	EndGlobalSection
EndGlobal
